
Microsoft Visual Studio Solution File, Format Version 12.00
# Visual Studio 15
VisualStudioVersion = 15.0.27703.2026
MinimumVisualStudioVersion = 10.0.40219.1
Project("{FAE04EC0-301F-11D3-BF4B-00C04F79EFBC}") = "PracticaWrapPanel", "PracticaWrapPanel\PracticaWrapPanel.csproj", "{B71C0845-C564-4811-95F0-CC69D1FD5866}"
EndProject
Global
	GlobalSection(SolutionConfigurationPlatforms) = preSolution
		Debug|Any CPU = Debug|Any CPU
		Release|Any CPU = Release|Any CPU
	EndGlobalSection
	GlobalSection(ProjectConfigurationPlatforms) = postSolution
		{B71C0845-C564-4811-95F0-CC69D1FD5866}.Debug|Any CPU.ActiveCfg = Debug|Any CPU
		{B71C0845-C564-4811-95F0-CC69D1FD5866}.Debug|Any CPU.Build.0 = Debug|Any CPU
		{B71C0845-C564-4811-95F0-CC69D1FD5866}.Release|Any CPU.ActiveCfg = Release|Any CPU
		{B71C0845-C564-4811-95F0-CC69D1FD5866}.Release|Any CPU.Build.0 = Release|Any CPU
	EndGlobalSection
	GlobalSection(SolutionProperties) = preSolution
		HideSolutionNode = FALSE
	EndGlobalSection
	GlobalSection(ExtensibilityGlobals) = postSolution
		SolutionGuid = {59C1620D-3D10-4E03-A9CB-066C4D45CAB5}
	EndGlobalSection
EndGlobal
